[[package]]
name = "dia14"
version = "0.1.0"
dependencies = [
 "ordermap 0.3.2 (registry+https://github.com/rust-lang/crates.io-index)",
]

[[package]]
name = "ordermap"
version = "0.3.2"
source = "registry+https://github.com/rust-lang/crates.io-index"

[metadata]
"checksum ordermap 0.3.2 (registry+https://github.com/rust-lang/crates.io-index)" = "40cd62c688b4d8078c3f0eef70d7762f17c08bf52b225799ddcb4cf275dd1f19"
